{
  "nodes": {
    "nixpkgs": {
      "locked": {
        "lastModified": 1693174739,
        "narHash": "sha256-u9KxxTWnmYJbPprZsvC5gN3VNSMAikJfgRzyMWP8W90=",
        "owner": "nixos",
        "repo": "nixpkgs",
        "rev": "8a33bfa212653a1f4d5f2c2d6097418bd639dda9",
        "type": "github"
      },
      "original": {
        "owner": "nixos",
        "repo": "nixpkgs",
        "type": "github"
      }
    },
    "root": {
      "inputs": {
        "nixpkgs": "nixpkgs"
      }
    }
  },
  "root": "root",
  "version": 7
}
