{
  "nodes": {
    "nixpkgs": {
      "locked": {
        "lastModified": 1667518366,
        "narHash": "sha256-BOkyI/yJFSTVESvojmv6uP5nuYunn2ZoUHJoMwN3Ufs=",
        "owner": "nixos",
        "repo": "nixpkgs",
        "rev": "ec8c2ba98d5020318a9d5635918861b494aa6831",
        "type": "github"
      },
      "original": {
        "owner": "nixos",
        "repo": "nixpkgs",
        "type": "github"
      }
    },
    "root": {
      "inputs": {
        "nixpkgs": "nixpkgs"
      }
    }
  },
  "root": "root",
  "version": 7
}
